
Microsoft Visual Studio Solution File, Format Version 11.00
# Visual Studio 2010
Project("{FAE04EC0-301F-11D3-BF4B-00C04F79EFBC}") = "Assembly-CSharp", "Assembly-CSharp.csproj", "{F8DFAD41-A850-C9E0-7E5E-C573388823DF}"
EndProject
Project("{FAE04EC0-301F-11D3-BF4B-00C04F79EFBC}") = "Assembly-CSharp-Editor", "Assembly-CSharp-Editor.csproj", "{8CEDE48D-3699-AFA1-095B-F33CAA7C3588}"
EndProject
Global
	GlobalSection(SolutionConfigurationPlatforms) = preSolution
		Debug|Any CPU = Debug|Any CPU
		Release|Any CPU = Release|Any CPU
	EndGlobalSection
	GlobalSection(ProjectConfigurationPlatforms) = postSolution
		{F8DFAD41-A850-C9E0-7E5E-C573388823DF}.Debug|Any CPU.ActiveCfg = Debug|Any CPU
		{F8DFAD41-A850-C9E0-7E5E-C573388823DF}.Debug|Any CPU.Build.0 = Debug|Any CPU
		{F8DFAD41-A850-C9E0-7E5E-C573388823DF}.Release|Any CPU.ActiveCfg = Release|Any CPU
		{F8DFAD41-A850-C9E0-7E5E-C573388823DF}.Release|Any CPU.Build.0 = Release|Any CPU
		{8CEDE48D-3699-AFA1-095B-F33CAA7C3588}.Debug|Any CPU.ActiveCfg = Debug|Any CPU
		{8CEDE48D-3699-AFA1-095B-F33CAA7C3588}.Debug|Any CPU.Build.0 = Debug|Any CPU
		{8CEDE48D-3699-AFA1-095B-F33CAA7C3588}.Release|Any CPU.ActiveCfg = Release|Any CPU
		{8CEDE48D-3699-AFA1-095B-F33CAA7C3588}.Release|Any CPU.Build.0 = Release|Any CPU
	EndGlobalSection
	GlobalSection(SolutionProperties) = preSolution
		HideSolutionNode = FALSE
	EndGlobalSection
EndGlobal
